
Microsoft Visual Studio Solution File, Format Version 12.00
# Visual Studio Version 17
VisualStudioVersion = 17.8.34525.116
MinimumVisualStudioVersion = 10.0.40219.1
Project("{9A19103F-16F7-4668-BE54-9A1E7A4F7556}") = "fundoo application", "fundoo application\fundoo application.csproj", "{AED5D4A7-0323-4E26-B418-12A5C84D5C03}"
EndProject
Project("{9A19103F-16F7-4668-BE54-9A1E7A4F7556}") = "Business", "Business\Business.csproj", "{D1DEE38F-211F-4BD6-9198-4F065C431440}"
EndProject
Project("{FAE04EC0-301F-11D3-BF4B-00C04F79EFBC}") = "Repository", "Repository\Repository.csproj", "{9D1B37D5-8EDF-4E49-A4DD-BDC9E6A0B222}"
EndProject
Global
	GlobalSection(SolutionConfigurationPlatforms) = preSolution
		Debug|Any CPU = Debug|Any CPU
		Release|Any CPU = Release|Any CPU
	EndGlobalSection
	GlobalSection(ProjectConfigurationPlatforms) = postSolution
		{AED5D4A7-0323-4E26-B418-12A5C84D5C03}.Debug|Any CPU.ActiveCfg = Debug|Any CPU
		{AED5D4A7-0323-4E26-B418-12A5C84D5C03}.Debug|Any CPU.Build.0 = Debug|Any CPU
		{AED5D4A7-0323-4E26-B418-12A5C84D5C03}.Release|Any CPU.ActiveCfg = Release|Any CPU
		{AED5D4A7-0323-4E26-B418-12A5C84D5C03}.Release|Any CPU.Build.0 = Release|Any CPU
		{D1DEE38F-211F-4BD6-9198-4F065C431440}.Debug|Any CPU.ActiveCfg = Debug|Any CPU
		{D1DEE38F-211F-4BD6-9198-4F065C431440}.Debug|Any CPU.Build.0 = Debug|Any CPU
		{D1DEE38F-211F-4BD6-9198-4F065C431440}.Release|Any CPU.ActiveCfg = Release|Any CPU
		{D1DEE38F-211F-4BD6-9198-4F065C431440}.Release|Any CPU.Build.0 = Release|Any CPU
		{9D1B37D5-8EDF-4E49-A4DD-BDC9E6A0B222}.Debug|Any CPU.ActiveCfg = Debug|Any CPU
		{9D1B37D5-8EDF-4E49-A4DD-BDC9E6A0B222}.Debug|Any CPU.Build.0 = Debug|Any CPU
		{9D1B37D5-8EDF-4E49-A4DD-BDC9E6A0B222}.Release|Any CPU.ActiveCfg = Release|Any CPU
		{9D1B37D5-8EDF-4E49-A4DD-BDC9E6A0B222}.Release|Any CPU.Build.0 = Release|Any CPU
	EndGlobalSection
	GlobalSection(SolutionProperties) = preSolution
		HideSolutionNode = FALSE
	EndGlobalSection
	GlobalSection(ExtensibilityGlobals) = postSolution
		SolutionGuid = {94BCDC7A-86CF-4939-9DB9-35540CADADA9}
	EndGlobalSection
EndGlobal
